
Microsoft Visual Studio Solution File, Format Version 12.00
# Visual Studio Version 17
VisualStudioVersion = 17.13.35806.99 d17.13
MinimumVisualStudioVersion = 10.0.40219.1
Project("{FAE04EC0-301F-11D3-BF4B-00C04F79EFBC}") = "Ejercicico5", "Ejercicico5\Ejercicico5.csproj", "{244B8FC1-FB5D-417B-8CB7-A8AFEE46D06E}"
EndProject
Global
	GlobalSection(SolutionConfigurationPlatforms) = preSolution
		Debug|Any CPU = Debug|Any CPU
		Release|Any CPU = Release|Any CPU
	EndGlobalSection
	GlobalSection(ProjectConfigurationPlatforms) = postSolution
		{244B8FC1-FB5D-417B-8CB7-A8AFEE46D06E}.Debug|Any CPU.ActiveCfg = Debug|Any CPU
		{244B8FC1-FB5D-417B-8CB7-A8AFEE46D06E}.Debug|Any CPU.Build.0 = Debug|Any CPU
		{244B8FC1-FB5D-417B-8CB7-A8AFEE46D06E}.Release|Any CPU.ActiveCfg = Release|Any CPU
		{244B8FC1-FB5D-417B-8CB7-A8AFEE46D06E}.Release|Any CPU.Build.0 = Release|Any CPU
	EndGlobalSection
	GlobalSection(SolutionProperties) = preSolution
		HideSolutionNode = FALSE
	EndGlobalSection
	GlobalSection(ExtensibilityGlobals) = postSolution
		SolutionGuid = {51F231D6-46A0-4009-B0C5-B0D4033F1EB2}
	EndGlobalSection
EndGlobal
